
Microsoft Visual Studio Solution File, Format Version 12.00
# Visual Studio 2013
VisualStudioVersion = 12.0.31101.0
MinimumVisualStudioVersion = 10.0.40219.1
Project("{2150E333-8FDC-42A3-9474-1A3956D46DE8}") = "Solution Items", "Solution Items", "{305C646A-067C-4D97-AE84-F26AF63B8345}"
	ProjectSection(SolutionItems) = preProject
		build.bat = build.bat
		build.fsx = build.fsx
		paket.dependencies = paket.dependencies
		paket.lock = paket.lock
	EndProjectSection
EndProject
Project("{FAE04EC0-301F-11D3-BF4B-00C04F79EFBC}") = "Journalist.LanguageExtensions", "src\Journalist.LanguageExtensions\Journalist.LanguageExtensions.csproj", "{74FFF4D4-EB88-44D5-B19B-F96F54FAAE38}"
EndProject
Project("{FAE04EC0-301F-11D3-BF4B-00C04F79EFBC}") = "Journalist.LanguageExtensions.UnitTests", "test\Journalist.LanguageExtensions.UnitTests\Journalist.LanguageExtensions.UnitTests.csproj", "{3AB115B7-7C4E-40F9-9D8C-E252AB8C337C}"
EndProject
Global
	GlobalSection(SolutionConfigurationPlatforms) = preSolution
		Debug|Any CPU = Debug|Any CPU
		Release|Any CPU = Release|Any CPU
	EndGlobalSection
	GlobalSection(ProjectConfigurationPlatforms) = postSolution
		{74FFF4D4-EB88-44D5-B19B-F96F54FAAE38}.Debug|Any CPU.ActiveCfg = Debug|Any CPU
		{74FFF4D4-EB88-44D5-B19B-F96F54FAAE38}.Debug|Any CPU.Build.0 = Debug|Any CPU
		{74FFF4D4-EB88-44D5-B19B-F96F54FAAE38}.Release|Any CPU.ActiveCfg = Release|Any CPU
		{74FFF4D4-EB88-44D5-B19B-F96F54FAAE38}.Release|Any CPU.Build.0 = Release|Any CPU
		{3AB115B7-7C4E-40F9-9D8C-E252AB8C337C}.Debug|Any CPU.ActiveCfg = Debug|Any CPU
		{3AB115B7-7C4E-40F9-9D8C-E252AB8C337C}.Debug|Any CPU.Build.0 = Debug|Any CPU
		{3AB115B7-7C4E-40F9-9D8C-E252AB8C337C}.Release|Any CPU.ActiveCfg = Release|Any CPU
		{3AB115B7-7C4E-40F9-9D8C-E252AB8C337C}.Release|Any CPU.Build.0 = Release|Any CPU
	EndGlobalSection
	GlobalSection(SolutionProperties) = preSolution
		HideSolutionNode = FALSE
	EndGlobalSection
EndGlobal
